
Microsoft Visual Studio Solution File, Format Version 12.00
# Visual Studio Version 16
VisualStudioVersion = 16.0.30611.23
MinimumVisualStudioVersion = 10.0.40219.1
Project("{FAE04EC0-301F-11D3-BF4B-00C04F79EFBC}") = "Programowanie i testowanie aplikacji", "Programowanie i testowanie aplikacji\Programowanie i testowanie aplikacji.csproj", "{550745CF-578B-4CD5-9011-523007E03825}"
EndProject
Global
	GlobalSection(SolutionConfigurationPlatforms) = preSolution
		Debug|Any CPU = Debug|Any CPU
		Release|Any CPU = Release|Any CPU
	EndGlobalSection
	GlobalSection(ProjectConfigurationPlatforms) = postSolution
		{550745CF-578B-4CD5-9011-523007E03825}.Debug|Any CPU.ActiveCfg = Debug|Any CPU
		{550745CF-578B-4CD5-9011-523007E03825}.Debug|Any CPU.Build.0 = Debug|Any CPU
		{550745CF-578B-4CD5-9011-523007E03825}.Release|Any CPU.ActiveCfg = Release|Any CPU
		{550745CF-578B-4CD5-9011-523007E03825}.Release|Any CPU.Build.0 = Release|Any CPU
	EndGlobalSection
	GlobalSection(SolutionProperties) = preSolution
		HideSolutionNode = FALSE
	EndGlobalSection
	GlobalSection(ExtensibilityGlobals) = postSolution
		SolutionGuid = {5C15C016-189C-4182-BE64-EE9540628B5E}
	EndGlobalSection
EndGlobal
